<?xml version="1.0" encoding="utf-8"?>
<Project ToolsVersion="4.0" xmlns="http://schemas.microsoft.com/developer/msbuild/2003">
  <ItemGroup>
    <Filter Include="Source Files">
      <UniqueIdentifier>{4FC737F1-C7A5-4376-A066-2A32D752A2FF}</UniqueIdentifier>
      <Extensions>cpp;c;cc;cxx;def;odl;idl;hpj;bat;asm;asmx</Extensions>
    </Filter>
    <Filter Include="Header Files">
      <UniqueIdentifier>{93995380-89BD-4b04-88EB-625FBE52EBFB}</UniqueIdentifier>
      <Extensions>h;hh;hpp;hxx;hm;inl;inc;xsd</Extensions>
    </Filter>
    <Filter Include="Resource Files">
      <UniqueIdentifier>{67DA6AB6-F800-4c08-8B7A-83BB121AAD01}</UniqueIdentifier>
      <Extensions>rc;ico;cur;bmp;dlg;rc2;rct;bin;rgs;gif;jpg;jpeg;jpe;resx;tiff;tif;png;wav;mfcribbon-ms</Extensions>
    </Filter>
  </ItemGroup>
  <ItemGroup>
    <ClCompile Include="src\AbstractPass.cpp">
      <Filter>Source Files</Filter>
    </ClCompile>
    <ClCompile Include="src\CombinerPass.cpp">
      <Filter>Source Files</Filter>
    </ClCompile>
    <ClCompile Include="src\FrameCombinerPass.cpp">
      <Filter>Source Files</Filter>
    </ClCompile>
    <ClCompile Include="src\FramePass.cpp">
      <Filter>Source Files</Filter>
    </ClCompile>
    <ClCompile Include="src\gl_holder.cpp">
      <Filter>Source Files</Filter>
    </ClCompile>
    <ClCompile Include="src\main.cpp">
      <Filter>Source Files</Filter>
    </ClCompile>
    <ClCompile Include="src\PassthroughPass.cpp">
      <Filter>Source Files</Filter>
    </ClCompile>
    <ClCompile Include="src\SaluteCombinerPass.cpp">
      <Filter>Source Files</Filter>
    </ClCompile>
    <ClCompile Include="src\SalutePass.cpp">
      <Filter>Source Files</Filter>
    </ClCompile>
    <ClCompile Include="src\SkyPass.cpp">
      <Filter>Source Files</Filter>
    </ClCompile>
    <ClCompile Include="..\common\glfw_window_manager.cpp">
      <Filter>Source Files</Filter>
    </ClCompile>
    <ClCompile Include="..\common\shader.cpp">
      <Filter>Source Files</Filter>
    </ClCompile>
    <ClCompile Include="src\wrappers\Framebuffer.cpp">
      <Filter>Source Files</Filter>
    </ClCompile>
    <ClCompile Include="src\wrappers\Program.cpp">
      <Filter>Source Files</Filter>
    </ClCompile>
    <ClCompile Include="src\wrappers\Texture.cpp">
      <Filter>Source Files</Filter>
    </ClCompile>
  </ItemGroup>
  <ItemGroup>
    <ClInclude Include="src\AbstractPass.h">
      <Filter>Header Files</Filter>
    </ClInclude>
    <ClInclude Include="src\CombinerPass.h">
      <Filter>Header Files</Filter>
    </ClInclude>
    <ClInclude Include="src\FrameCombinerPass.h">
      <Filter>Header Files</Filter>
    </ClInclude>
    <ClInclude Include="src\FramePass.h">
      <Filter>Header Files</Filter>
    </ClInclude>
    <ClInclude Include="src\gl_holder.h">
      <Filter>Header Files</Filter>
    </ClInclude>
    <ClInclude Include="src\PassthroughPass.h">
      <Filter>Header Files</Filter>
    </ClInclude>
    <ClInclude Include="src\SaluteCombinerPass.h">
      <Filter>Header Files</Filter>
    </ClInclude>
    <ClInclude Include="src\SalutePass.h">
      <Filter>Header Files</Filter>
    </ClInclude>
    <ClInclude Include="src\SkyPass.h">
      <Filter>Header Files</Filter>
    </ClInclude>
    <ClInclude Include="..\common\glfw_window_manager.h">
      <Filter>Header Files</Filter>
    </ClInclude>
    <ClInclude Include="..\common\shader.h">
      <Filter>Header Files</Filter>
    </ClInclude>
    <ClInclude Include="src\wrappers\AllWrappers.h">
      <Filter>Header Files</Filter>
    </ClInclude>
    <ClInclude Include="src\wrappers\Framebuffer.h">
      <Filter>Header Files</Filter>
    </ClInclude>
    <ClInclude Include="src\wrappers\Program.h">
      <Filter>Header Files</Filter>
    </ClInclude>
    <ClInclude Include="src\wrappers\Texture.h">
      <Filter>Header Files</Filter>
    </ClInclude>
  </ItemGroup>
  <ItemGroup>
    <Image Include="black_clouds.bmp">
      <Filter>Resource Files</Filter>
    </Image>
  </ItemGroup>
  <ItemGroup>
    <None Include="combine.fsh">
      <Filter>Resource Files</Filter>
    </None>
    <None Include="particle.fsh">
      <Filter>Resource Files</Filter>
    </None>
    <None Include="pass_texture.fsh">
      <Filter>Resource Files</Filter>
    </None>
    <None Include="sky.fsh">
      <Filter>Resource Files</Filter>
    </None>
  </ItemGroup>
  <ItemGroup>
    <FxCompile Include="particle.vsh">
      <Filter>Resource Files</Filter>
    </FxCompile>
    <FxCompile Include="pass_texture.vsh">
      <Filter>Resource Files</Filter>
    </FxCompile>
  </ItemGroup>
</Project>